
Microsoft Visual Studio Solution File, Format Version 12.00
# Visual Studio Version 16
VisualStudioVersion = 16.0.29613.14
MinimumVisualStudioVersion = 10.0.40219.1
Project("{9A19103F-16F7-4668-BE54-9A1E7A4F7556}") = "CarteAuxTresors", "CarteAuxTresors.csproj", "{3E8A1FB9-A572-45F9-8BB5-9F8D8DDB8ADC}"
EndProject
Project("{FAE04EC0-301F-11D3-BF4B-00C04F79EFBC}") = "CarteAuxTresors.Tests", "..\CarteAuxTresors.Tests\CarteAuxTresors.Tests.csproj", "{FBFB25AC-E373-4CA2-B15A-A9E1B6148810}"
EndProject
Global
	GlobalSection(SolutionConfigurationPlatforms) = preSolution
		Debug|Any CPU = Debug|Any CPU
		Release|Any CPU = Release|Any CPU
	EndGlobalSection
	GlobalSection(ProjectConfigurationPlatforms) = postSolution
		{3E8A1FB9-A572-45F9-8BB5-9F8D8DDB8ADC}.Debug|Any CPU.ActiveCfg = Debug|Any CPU
		{3E8A1FB9-A572-45F9-8BB5-9F8D8DDB8ADC}.Debug|Any CPU.Build.0 = Debug|Any CPU
		{3E8A1FB9-A572-45F9-8BB5-9F8D8DDB8ADC}.Release|Any CPU.ActiveCfg = Release|Any CPU
		{3E8A1FB9-A572-45F9-8BB5-9F8D8DDB8ADC}.Release|Any CPU.Build.0 = Release|Any CPU
		{FBFB25AC-E373-4CA2-B15A-A9E1B6148810}.Debug|Any CPU.ActiveCfg = Debug|Any CPU
		{FBFB25AC-E373-4CA2-B15A-A9E1B6148810}.Debug|Any CPU.Build.0 = Debug|Any CPU
		{FBFB25AC-E373-4CA2-B15A-A9E1B6148810}.Release|Any CPU.ActiveCfg = Release|Any CPU
		{FBFB25AC-E373-4CA2-B15A-A9E1B6148810}.Release|Any CPU.Build.0 = Release|Any CPU
	EndGlobalSection
	GlobalSection(SolutionProperties) = preSolution
		HideSolutionNode = FALSE
	EndGlobalSection
	GlobalSection(ExtensibilityGlobals) = postSolution
		SolutionGuid = {0E3EDFE3-FF46-4AFD-9F03-897E6D6A8543}
	EndGlobalSection
EndGlobal
